
Microsoft Visual Studio Solution File, Format Version 12.00
# Visual Studio Version 17
VisualStudioVersion = 17.4.33205.214
MinimumVisualStudioVersion = 10.0.40219.1
Project("{FAE04EC0-301F-11D3-BF4B-00C04F79EFBC}") = "while_foreach", "while_foreach.csproj", "{F843BDC9-FBBF-41F5-8E73-9C2F5021B411}"
EndProject
Global
	GlobalSection(SolutionConfigurationPlatforms) = preSolution
		Debug|Any CPU = Debug|Any CPU
		Release|Any CPU = Release|Any CPU
	EndGlobalSection
	GlobalSection(ProjectConfigurationPlatforms) = postSolution
		{F843BDC9-FBBF-41F5-8E73-9C2F5021B411}.Debug|Any CPU.ActiveCfg = Debug|Any CPU
		{F843BDC9-FBBF-41F5-8E73-9C2F5021B411}.Debug|Any CPU.Build.0 = Debug|Any CPU
		{F843BDC9-FBBF-41F5-8E73-9C2F5021B411}.Release|Any CPU.ActiveCfg = Release|Any CPU
		{F843BDC9-FBBF-41F5-8E73-9C2F5021B411}.Release|Any CPU.Build.0 = Release|Any CPU
	EndGlobalSection
	GlobalSection(SolutionProperties) = preSolution
		HideSolutionNode = FALSE
	EndGlobalSection
	GlobalSection(ExtensibilityGlobals) = postSolution
		SolutionGuid = {16E8C668-2349-43A5-9636-235A057B9380}
	EndGlobalSection
EndGlobal
